
Microsoft Visual Studio Solution File, Format Version 12.00
# Visual Studio Version 17
VisualStudioVersion = 17.8.34330.188
MinimumVisualStudioVersion = 10.0.40219.1
Project("{FAE04EC0-301F-11D3-BF4B-00C04F79EFBC}") = "Shwmae", "Shwmae.csproj", "{5D3EF551-3D1F-468E-A75B-764F436D577D}"
EndProject
Global
	GlobalSection(SolutionConfigurationPlatforms) = preSolution
		Debug|Any CPU = Debug|Any CPU
		Release|Any CPU = Release|Any CPU
	EndGlobalSection
	GlobalSection(ProjectConfigurationPlatforms) = postSolution
		{5D3EF551-3D1F-468E-A75B-764F436D577D}.Debug|Any CPU.ActiveCfg = Debug|Any CPU
		{5D3EF551-3D1F-468E-A75B-764F436D577D}.Debug|Any CPU.Build.0 = Debug|Any CPU
		{5D3EF551-3D1F-468E-A75B-764F436D577D}.Release|Any CPU.ActiveCfg = Release|Any CPU
		{5D3EF551-3D1F-468E-A75B-764F436D577D}.Release|Any CPU.Build.0 = Release|Any CPU
	EndGlobalSection
	GlobalSection(SolutionProperties) = preSolution
		HideSolutionNode = FALSE
	EndGlobalSection
	GlobalSection(ExtensibilityGlobals) = postSolution
		SolutionGuid = {12917EF1-28E6-48B1-A981-26C4567A0D0A}
	EndGlobalSection
EndGlobal
